
Microsoft Visual Studio Solution File, Format Version 12.00
# Visual Studio 14
VisualStudioVersion = 14.0.25420.1
MinimumVisualStudioVersion = 10.0.40219.1
Project("{2150E333-8FDC-42A3-9474-1A3956D46DE8}") = "src", "src", "{94FFE309-970A-4036-AA80-162F5FC71075}"
EndProject
Project("{2150E333-8FDC-42A3-9474-1A3956D46DE8}") = "Solution Items", "Solution Items", "{71F46C5C-4A3D-44F9-B8EE-7086C7F0D0EF}"
	ProjectSection(SolutionItems) = preProject
		global.json = global.json
	EndProjectSection
EndProject
Project("{2150E333-8FDC-42A3-9474-1A3956D46DE8}") = "OID.DataProvider", "OID.DataProvider", "{5056D13A-217C-40ED-886F-074911B1BD4E}"
EndProject
Project("{8BB2217D-0F2D-49D1-97BC-3654ED321F3B}") = "OID.DataProvider.Interfaces", "src\OID.DataProvider\OID.DataProvider.Interfaces\OID.DataProvider.Interfaces.xproj", "{3B98F17A-5DB8-498D-B616-6DCE966E2BCC}"
EndProject
Project("{8BB2217D-0F2D-49D1-97BC-3654ED321F3B}") = "OID.SoapDataProvider", "src\OID.DataProvider\OID.SoapDataProvider\OID.SoapDataProvider.xproj", "{D3418D9F-B931-447E-B487-B8A1C44B5B60}"
EndProject
Project("{8BB2217D-0F2D-49D1-97BC-3654ED321F3B}") = "OID.DataProvider.Models", "src\OID.DataProvider\OID.DataProvider.Models\OID.DataProvider.Models.xproj", "{5519C9F8-5555-4C07-95B9-938AC6556A30}"
EndProject
Project("{8BB2217D-0F2D-49D1-97BC-3654ED321F3B}") = "OID.SoapDataProvider.Integration.Tests", "src\OID.DataProvider\OID.SoapDataProvider.Integration.Tests\OID.SoapDataProvider.Integration.Tests.xproj", "{451C4783-AB09-4FE5-9398-F3D7651B71AA}"
EndProject
Project("{FAE04EC0-301F-11D3-BF4B-00C04F79EFBC}") = "OID.LegacySoapService", "OID.LegacySoapService\OID.LegacySoapService.csproj", "{880F9115-D069-4656-B0CB-F6969644580D}"
EndProject
Project("{8BB2217D-0F2D-49D1-97BC-3654ED321F3B}") = "ConsoleApp1", "ConsoleApp1\ConsoleApp1.xproj", "{9897B307-ACB9-4199-A4E6-FE978BA2EC78}"
EndProject
Project("{8BB2217D-0F2D-49D1-97BC-3654ED321F3B}") = "OID.Web", "src\OID.Web\OID.Web.xproj", "{1ADA9055-F8AD-4C5C-9361-5C36F732479E}"
EndProject
Project("{8BB2217D-0F2D-49D1-97BC-3654ED321F3B}") = "OID.Core", "OID.Core\OID.Core.xproj", "{3060055D-CA32-470C-9214-D8CE085A91B2}"
EndProject
Global
	GlobalSection(SolutionConfigurationPlatforms) = preSolution
		Debug|Any CPU = Debug|Any CPU
		Release|Any CPU = Release|Any CPU
	EndGlobalSection
	GlobalSection(ProjectConfigurationPlatforms) = postSolution
		{3B98F17A-5DB8-498D-B616-6DCE966E2BCC}.Debug|Any CPU.ActiveCfg = Debug|Any CPU
		{3B98F17A-5DB8-498D-B616-6DCE966E2BCC}.Debug|Any CPU.Build.0 = Debug|Any CPU
		{3B98F17A-5DB8-498D-B616-6DCE966E2BCC}.Release|Any CPU.ActiveCfg = Release|Any CPU
		{3B98F17A-5DB8-498D-B616-6DCE966E2BCC}.Release|Any CPU.Build.0 = Release|Any CPU
		{D3418D9F-B931-447E-B487-B8A1C44B5B60}.Debug|Any CPU.ActiveCfg = Debug|Any CPU
		{D3418D9F-B931-447E-B487-B8A1C44B5B60}.Debug|Any CPU.Build.0 = Debug|Any CPU
		{D3418D9F-B931-447E-B487-B8A1C44B5B60}.Release|Any CPU.ActiveCfg = Release|Any CPU
		{D3418D9F-B931-447E-B487-B8A1C44B5B60}.Release|Any CPU.Build.0 = Release|Any CPU
		{5519C9F8-5555-4C07-95B9-938AC6556A30}.Debug|Any CPU.ActiveCfg = Debug|Any CPU
		{5519C9F8-5555-4C07-95B9-938AC6556A30}.Debug|Any CPU.Build.0 = Debug|Any CPU
		{5519C9F8-5555-4C07-95B9-938AC6556A30}.Release|Any CPU.ActiveCfg = Release|Any CPU
		{5519C9F8-5555-4C07-95B9-938AC6556A30}.Release|Any CPU.Build.0 = Release|Any CPU
		{451C4783-AB09-4FE5-9398-F3D7651B71AA}.Debug|Any CPU.ActiveCfg = Debug|Any CPU
		{451C4783-AB09-4FE5-9398-F3D7651B71AA}.Debug|Any CPU.Build.0 = Debug|Any CPU
		{451C4783-AB09-4FE5-9398-F3D7651B71AA}.Debug|Any CPU.Deploy.0 = Debug|Any CPU
		{451C4783-AB09-4FE5-9398-F3D7651B71AA}.Release|Any CPU.ActiveCfg = Release|Any CPU
		{451C4783-AB09-4FE5-9398-F3D7651B71AA}.Release|Any CPU.Build.0 = Release|Any CPU
		{880F9115-D069-4656-B0CB-F6969644580D}.Debug|Any CPU.ActiveCfg = Debug|Any CPU
		{880F9115-D069-4656-B0CB-F6969644580D}.Debug|Any CPU.Build.0 = Debug|Any CPU
		{880F9115-D069-4656-B0CB-F6969644580D}.Debug|Any CPU.Deploy.0 = Debug|Any CPU
		{880F9115-D069-4656-B0CB-F6969644580D}.Release|Any CPU.ActiveCfg = Release|Any CPU
		{880F9115-D069-4656-B0CB-F6969644580D}.Release|Any CPU.Build.0 = Release|Any CPU
		{9897B307-ACB9-4199-A4E6-FE978BA2EC78}.Debug|Any CPU.ActiveCfg = Debug|Any CPU
		{9897B307-ACB9-4199-A4E6-FE978BA2EC78}.Debug|Any CPU.Build.0 = Debug|Any CPU
		{9897B307-ACB9-4199-A4E6-FE978BA2EC78}.Release|Any CPU.ActiveCfg = Release|Any CPU
		{9897B307-ACB9-4199-A4E6-FE978BA2EC78}.Release|Any CPU.Build.0 = Release|Any CPU
		{1ADA9055-F8AD-4C5C-9361-5C36F732479E}.Debug|Any CPU.ActiveCfg = Debug|Any CPU
		{1ADA9055-F8AD-4C5C-9361-5C36F732479E}.Debug|Any CPU.Build.0 = Debug|Any CPU
		{1ADA9055-F8AD-4C5C-9361-5C36F732479E}.Release|Any CPU.ActiveCfg = Release|Any CPU
		{1ADA9055-F8AD-4C5C-9361-5C36F732479E}.Release|Any CPU.Build.0 = Release|Any CPU
		{3060055D-CA32-470C-9214-D8CE085A91B2}.Debug|Any CPU.ActiveCfg = Debug|Any CPU
		{3060055D-CA32-470C-9214-D8CE085A91B2}.Debug|Any CPU.Build.0 = Debug|Any CPU
		{3060055D-CA32-470C-9214-D8CE085A91B2}.Release|Any CPU.ActiveCfg = Release|Any CPU
		{3060055D-CA32-470C-9214-D8CE085A91B2}.Release|Any CPU.Build.0 = Release|Any CPU
	EndGlobalSection
	GlobalSection(SolutionProperties) = preSolution
		HideSolutionNode = FALSE
	EndGlobalSection
	GlobalSection(NestedProjects) = preSolution
		{5056D13A-217C-40ED-886F-074911B1BD4E} = {94FFE309-970A-4036-AA80-162F5FC71075}
		{3B98F17A-5DB8-498D-B616-6DCE966E2BCC} = {5056D13A-217C-40ED-886F-074911B1BD4E}
		{D3418D9F-B931-447E-B487-B8A1C44B5B60} = {5056D13A-217C-40ED-886F-074911B1BD4E}
		{5519C9F8-5555-4C07-95B9-938AC6556A30} = {5056D13A-217C-40ED-886F-074911B1BD4E}
		{451C4783-AB09-4FE5-9398-F3D7651B71AA} = {5056D13A-217C-40ED-886F-074911B1BD4E}
		{880F9115-D069-4656-B0CB-F6969644580D} = {5056D13A-217C-40ED-886F-074911B1BD4E}
		{9897B307-ACB9-4199-A4E6-FE978BA2EC78} = {5056D13A-217C-40ED-886F-074911B1BD4E}
		{1ADA9055-F8AD-4C5C-9361-5C36F732479E} = {94FFE309-970A-4036-AA80-162F5FC71075}
		{3060055D-CA32-470C-9214-D8CE085A91B2} = {94FFE309-970A-4036-AA80-162F5FC71075}
	EndGlobalSection
EndGlobal
